
Microsoft Visual Studio Solution File, Format Version 12.00
# Visual Studio Version 17
VisualStudioVersion = 17.0.31919.166
MinimumVisualStudioVersion = 10.0.40219.1
Project("{9A19103F-16F7-4668-BE54-9A1E7A4F7556}") = "ProgramForCollectingRecipes", "ProgramForCollectingRecipes\ProgramForCollectingRecipes.csproj", "{EFF3D09D-4391-4631-93CB-FE0EAF8BE6B8}"
EndProject
Project("{2150E333-8FDC-42A3-9474-1A3956D46DE8}") = "Solution Items", "Solution Items", "{D639A56E-5722-4911-AE8C-BAFF1AA82020}"
	ProjectSection(SolutionItems) = preProject
		.editorconfig = .editorconfig
		.gitignore = .gitignore
		.gitlab-ci.yml = .gitlab-ci.yml
	EndProjectSection
EndProject
Project("{2150E333-8FDC-42A3-9474-1A3956D46DE8}") = "src", "src", "{C28AF7AC-CB9B-48C3-B428-997F1835974E}"
EndProject
Global
	GlobalSection(SolutionConfigurationPlatforms) = preSolution
		Debug|Any CPU = Debug|Any CPU
		Release|Any CPU = Release|Any CPU
	EndGlobalSection
	GlobalSection(ProjectConfigurationPlatforms) = postSolution
		{EFF3D09D-4391-4631-93CB-FE0EAF8BE6B8}.Debug|Any CPU.ActiveCfg = Debug|Any CPU
		{EFF3D09D-4391-4631-93CB-FE0EAF8BE6B8}.Debug|Any CPU.Build.0 = Debug|Any CPU
		{EFF3D09D-4391-4631-93CB-FE0EAF8BE6B8}.Release|Any CPU.ActiveCfg = Release|Any CPU
		{EFF3D09D-4391-4631-93CB-FE0EAF8BE6B8}.Release|Any CPU.Build.0 = Release|Any CPU
	EndGlobalSection
	GlobalSection(SolutionProperties) = preSolution
		HideSolutionNode = FALSE
	EndGlobalSection
	GlobalSection(NestedProjects) = preSolution
		{EFF3D09D-4391-4631-93CB-FE0EAF8BE6B8} = {C28AF7AC-CB9B-48C3-B428-997F1835974E}
	EndGlobalSection
	GlobalSection(ExtensibilityGlobals) = postSolution
		SolutionGuid = {3D1393A4-1318-4976-90F8-7332BE52F3AB}
	EndGlobalSection
EndGlobal
